{
  "version": 4,
  "terraform_version": "1.5.7",
  "serial": 3,
  "lineage": "bff087ba-2827-1fc6-5118-bb51ca3d3e61",
  "outputs": {},
  "resources": [
    {
      "mode": "managed",
      "type": "google_cloudfunctions_function",
      "name": "welcome_function",
      "provider": "provider[\"registry.terraform.io/hashicorp/google\"]",
      "instances": []
    },
    {
      "mode": "managed",
      "type": "google_storage_bucket_object",
      "name": "funcao_code",
      "provider": "provider[\"registry.terraform.io/hashicorp/google\"]",
      "instances": []
    },
    {
      "mode": "managed",
      "type": "random_id",
      "name": "suffix",
      "provider": "provider[\"registry.terraform.io/hashicorp/random\"]",
      "instances": [
        {
          "schema_version": 0,
          "attributes": {
            "b64_std": "yCcdqQ==",
            "b64_url": "yCcdqQ",
            "byte_length": 4,
            "dec": "3358006697",
            "hex": "c8271da9",
            "id": "yCcdqQ",
            "keepers": null,
            "prefix": null
          },
          "sensitive_attributes": []
        }
      ]
    }
  ],
  "check_results": null
}
